// !$*UTF8*$!
{
	archiveVersion = 1;
	classes = {
	};
	objectVersion = 46;
	objects = {

/* Begin PBXBuildFile section */
		F57FD36E1E514DCF00174E5E /* RNPartyTrack.m in Sources */ = {isa = PBXBuildFile; fileRef = F57FD36D1E514DCF00174E5E /* RNPartyTrack.m */; };
		F57FD36F1E514DCF00174E5E /* RNPartyTrack.h in CopyFiles */ = {isa = PBXBuildFile; fileRef = F57FD36C1E514DCF00174E5E /* RNPartyTrack.h */; };
/* End PBXBuildFile section */

/* Begin PBXCopyFilesBuildPhase section */
		F57FD3671E514DCF00174E5E /* CopyFiles */ = {
			isa = PBXCopyFilesBuildPhase;
			buildActionMask = 2147483647;
			dstPath = "include/$(PRODUCT_NAME)";
			dstSubfolderSpec = 16;
			files = (
				F57FD36F1E514DCF00174E5E /* RNPartyTrack.h in CopyFiles */,
			);
			runOnlyForDeploymentPostprocessing = 0;
		};
/* End PBXCopyFilesBuildPhase section */

/* Begin PBXFileReference section */
		F57FD3691E514DCF00174E5E /* libRNPartyTrack.a */ = {isa = PBXFileReference; explicitFileType = archive.ar; includeInIndex = 0; path = libRNPartyTrack.a; sourceTree = BUILT_PRODUCTS_DIR; };
		F57FD36C1E514DCF00174E5E /* RNPartyTrack.h */ = {isa = PBXFileReference; lastKnownFileType = sourcecode.c.h; path = RNPartyTrack.h; sourceTree = "<group>"; };
		F57FD36D1E514DCF00174E5E /* RNPartyTrack.m */ = {isa = PBXFileReference; lastKnownFileType = sourcecode.c.objc; path = RNPartyTrack.m; sourceTree = "<group>"; };
/* End PBXFileReference section */

/* Begin PBXFrameworksBuildPhase section */
		F57FD3661E514DCF00174E5E /* Frameworks */ = {
			isa = PBXFrameworksBuildPhase;
			buildActionMask = 2147483647;
			files = (
			);
			runOnlyForDeploymentPostprocessing = 0;
		};
/* End PBXFrameworksBuildPhase section */

/* Begin PBXGroup section */
		F57FD3601E514DCF00174E5E = {
			isa = PBXGroup;
			children = (
				F57FD36B1E514DCF00174E5E /* RNPartyTrack */,
				F57FD36A1E514DCF00174E5E /* Products */,
			);
			sourceTree = "<group>";
		};
		F57FD36A1E514DCF00174E5E /* Products */ = {
			isa = PBXGroup;
			children = (
				F57FD3691E514DCF00174E5E /* libRNPartyTrack.a */,
			);
			name = Products;
			sourceTree = "<group>";
		};
		F57FD36B1E514DCF00174E5E /* RNPartyTrack */ = {
			isa = PBXGroup;
			children = (
				F57FD36C1E514DCF00174E5E /* RNPartyTrack.h */,
				F57FD36D1E514DCF00174E5E /* RNPartyTrack.m */,
			);
			path = RNPartyTrack;
			sourceTree = "<group>";
		};
/* End PBXGroup section */

/* Begin PBXNativeTarget section */
		F57FD3681E514DCF00174E5E /* RNPartyTrack */ = {
			isa = PBXNativeTarget;
			buildConfigurationList = F57FD3721E514DCF00174E5E /* Build configuration list for PBXNativeTarget "RNPartyTrack" */;
			buildPhases = (
				F57FD3651E514DCF00174E5E /* Sources */,
				F57FD3661E514DCF00174E5E /* Frameworks */,
				F57FD3671E514DCF00174E5E /* CopyFiles */,
			);
			buildRules = (
			);
			dependencies = (
			);
			name = RNPartyTrack;
			productName = RNPartyTrack;
			productReference = F57FD3691E514DCF00174E5E /* libRNPartyTrack.a */;
			productType = "com.apple.product-type.library.static";
		};
/* End PBXNativeTarget section */

/* Begin PBXProject section */
		F57FD3611E514DCF00174E5E /* Project object */ = {
			isa = PBXProject;
			attributes = {
				LastUpgradeCheck = 0820;
				ORGANIZATIONNAME = "Yoshiki Nakagawa";
				TargetAttributes = {
					F57FD3681E514DCF00174E5E = {
						CreatedOnToolsVersion = 8.2.1;
						DevelopmentTeam = 4G48CX5M4M;
						ProvisioningStyle = Automatic;
					};
				};
			};
			buildConfigurationList = F57FD3641E514DCF00174E5E /* Build configuration list for PBXProject "RNPartyTrack" */;
			compatibilityVersion = "Xcode 3.2";
			developmentRegion = English;
			hasScannedForEncodings = 0;
			knownRegions = (
				en,
			);
			mainGroup = F57FD3601E514DCF00174E5E;
			productRefGroup = F57FD36A1E514DCF00174E5E /* Products */;
			projectDirPath = "";
			projectRoot = "";
			targets = (
				F57FD3681E514DCF00174E5E /* RNPartyTrack */,
			);
		};
/* End PBXProject section */

/* Begin PBXSourcesBuildPhase section */
		F57FD3651E514DCF00174E5E /* Sources */ = {
			isa = PBXSourcesBuildPhase;
			buildActionMask = 2147483647;
			files = (
				F57FD36E1E514DCF00174E5E /* RNPartyTrack.m in Sources */,
			);
			runOnlyForDeploymentPostprocessing = 0;
		};
/* End PBXSourcesBuildPhase section */

/* Begin XCBuildConfiguration section */
		F57FD3701E514DCF00174E5E /* Debug */ = {
			isa = XCBuildConfiguration;
			buildSettings = {
				ALWAYS_SEARCH_USER_PATHS = NO;
				CLANG_ANALYZER_NONNULL = YES;
				CLANG_CXX_LANGUAGE_STANDARD = "gnu++0x";
				CLANG_CXX_LIBRARY = "libc++";
				CLANG_ENABLE_MODULES = YES;
				CLANG_ENABLE_OBJC_ARC = YES;
				CLANG_WARN_BOOL_CONVERSION = YES;
				CLANG_WARN_CONSTANT_CONVERSION = YES;
				CLANG_WARN_DIRECT_OBJC_ISA_USAGE = YES_ERROR;
				CLANG_WARN_DOCUMENTATION_COMMENTS = YES;
				CLANG_WARN_EMPTY_BODY = YES;
				CLANG_WARN_ENUM_CONVERSION = YES;
				CLANG_WARN_INFINITE_RECURSION = YES;
				CLANG_WARN_INT_CONVERSION = YES;
				CLANG_WARN_OBJC_ROOT_CLASS = YES_ERROR;
				CLANG_WARN_SUSPICIOUS_MOVE = YES;
				CLANG_WARN_UNREACHABLE_CODE = YES;
				CLANG_WARN__DUPLICATE_METHOD_MATCH = YES;
				"CODE_SIGN_IDENTITY[sdk=iphoneos*]" = "iPhone Developer";
				COPY_PHASE_STRIP = NO;
				DEBUG_INFORMATION_FORMAT = dwarf;
				ENABLE_STRICT_OBJC_MSGSEND = YES;
				ENABLE_TESTABILITY = YES;
				FRAMEWORK_SEARCH_PATHS = (
					"$(SRCROOT)/../../ios",
					"$(SRCROOT)/../../",
				);
				GCC_C_LANGUAGE_STANDARD = gnu99;
				GCC_DYNAMIC_NO_PIC = NO;
				GCC_NO_COMMON_BLOCKS = YES;
				GCC_OPTIMIZATION_LEVEL = 0;
				GCC_PREPROCESSOR_DEFINITIONS = (
					"DEBUG=1",
					"$(inherited)",
				);
				GCC_WARN_64_TO_32_BIT_CONVERSION = YES;
				GCC_WARN_ABOUT_RETURN_TYPE = YES_ERROR;
				GCC_WARN_UNDECLARED_SELECTOR = YES;
				GCC_WARN_UNINITIALIZED_AUTOS = YES_AGGRESSIVE;
				GCC_WARN_UNUSED_FUNCTION = YES;
				GCC_WARN_UNUSED_VARIABLE = YES;
				IPHONEOS_DEPLOYMENT_TARGET = 10.2;
				MTL_ENABLE_DEBUG_INFO = YES;
				ONLY_ACTIVE_ARCH = YES;
				SDKROOT = iphoneos;
			};
			name = Debug;
		};
		F57FD3711E514DCF00174E5E /* Release */ = {
			isa = XCBuildConfiguration;
			buildSettings = {
				ALWAYS_SEARCH_USER_PATHS = NO;
				CLANG_ANALYZER_NONNULL = YES;
				CLANG_CXX_LANGUAGE_STANDARD = "gnu++0x";
				CLANG_CXX_LIBRARY = "libc++";
				CLANG_ENABLE_MODULES = YES;
				CLANG_ENABLE_OBJC_ARC = YES;
				CLANG_WARN_BOOL_CONVERSION = YES;
				CLANG_WARN_CONSTANT_CONVERSION = YES;
				CLANG_WARN_DIRECT_OBJC_ISA_USAGE = YES_ERROR;
				CLANG_WARN_DOCUMENTATION_COMMENTS = YES;
				CLANG_WARN_EMPTY_BODY = YES;
				CLANG_WARN_ENUM_CONVERSION = YES;
				CLANG_WARN_INFINITE_RECURSION = YES;
				CLANG_WARN_INT_CONVERSION = YES;
				CLANG_WARN_OBJC_ROOT_CLASS = YES_ERROR;
				CLANG_WARN_SUSPICIOUS_MOVE = YES;
				CLANG_WARN_UNREACHABLE_CODE = YES;
				CLANG_WARN__DUPLICATE_METHOD_MATCH = YES;
				"CODE_SIGN_IDENTITY[sdk=iphoneos*]" = "iPhone Developer";
				COPY_PHASE_STRIP = NO;
				DEBUG_INFORMATION_FORMAT = "dwarf-with-dsym";
				ENABLE_NS_ASSERTIONS = NO;
				ENABLE_STRICT_OBJC_MSGSEND = YES;
				GCC_C_LANGUAGE_STANDARD = gnu99;
				GCC_NO_COMMON_BLOCKS = YES;
				GCC_WARN_64_TO_32_BIT_CONVERSION = YES;
				GCC_WARN_ABOUT_RETURN_TYPE = YES_ERROR;
				GCC_WARN_UNDECLARED_SELECTOR = YES;
				GCC_WARN_UNINITIALIZED_AUTOS = YES_AGGRESSIVE;
				GCC_WARN_UNUSED_FUNCTION = YES;
				GCC_WARN_UNUSED_VARIABLE = YES;
				IPHONEOS_DEPLOYMENT_TARGET = 10.2;
				MTL_ENABLE_DEBUG_INFO = NO;
				SDKROOT = iphoneos;
				VALIDATE_PRODUCT = YES;
			};
			name = Release;
		};
		F57FD3731E514DCF00174E5E /* Debug */ = {
			isa = XCBuildConfiguration;
			buildSettings = {
				DEVELOPMENT_TEAM = 4G48CX5M4M;
				HEADER_SEARCH_PATHS = (
					"$(inherited)",
					"$(SRCROOT)/node_modules/react-native/React/**",
					"$(SRCROOT)/../react-native/React/**",
				);
				OTHER_LDFLAGS = "-ObjC";
				PRODUCT_NAME = "$(TARGET_NAME)";
				SKIP_INSTALL = YES;
			};
			name = Debug;
		};
		F57FD3741E514DCF00174E5E /* Release */ = {
			isa = XCBuildConfiguration;
			buildSettings = {
				DEVELOPMENT_TEAM = 4G48CX5M4M;
				HEADER_SEARCH_PATHS = (
					"$(inherited)",
					"$(SRCROOT)/node_modules/react-native/React/**",
					"$(SRCROOT)/../react-native/React/**",
				);
				OTHER_LDFLAGS = "-ObjC";
				PRODUCT_NAME = "$(TARGET_NAME)";
				SKIP_INSTALL = YES;
			};
			name = Release;
		};
/* End XCBuildConfiguration section */

/* Begin XCConfigurationList section */
		F57FD3641E514DCF00174E5E /* Build configuration list for PBXProject "RNPartyTrack" */ = {
			isa = XCConfigurationList;
			buildConfigurations = (
				F57FD3701E514DCF00174E5E /* Debug */,
				F57FD3711E514DCF00174E5E /* Release */,
			);
			defaultConfigurationIsVisible = 0;
			defaultConfigurationName = Release;
		};
		F57FD3721E514DCF00174E5E /* Build configuration list for PBXNativeTarget "RNPartyTrack" */ = {
			isa = XCConfigurationList;
			buildConfigurations = (
				F57FD3731E514DCF00174E5E /* Debug */,
				F57FD3741E514DCF00174E5E /* Release */,
			);
			defaultConfigurationIsVisible = 0;
			defaultConfigurationName = Release;
		};
/* End XCConfigurationList section */
	};
	rootObject = F57FD3611E514DCF00174E5E /* Project object */;
}
